
Microsoft Visual Studio Solution File, Format Version 12.00
# Visual Studio Version 17
VisualStudioVersion = 17.8.34330.188
MinimumVisualStudioVersion = 10.0.40219.1
Project("{FAE04EC0-301F-11D3-BF4B-00C04F79EFBC}") = "Project_62130516", "Project_62130516\Project_62130516.csproj", "{060C5140-1C00-4C41-849A-A6AB3D254F3E}"
EndProject
Global
	GlobalSection(SolutionConfigurationPlatforms) = preSolution
		Debug|Any CPU = Debug|Any CPU
		Release|Any CPU = Release|Any CPU
	EndGlobalSection
	GlobalSection(ProjectConfigurationPlatforms) = postSolution
		{060C5140-1C00-4C41-849A-A6AB3D254F3E}.Debug|Any CPU.ActiveCfg = Debug|Any CPU
		{060C5140-1C00-4C41-849A-A6AB3D254F3E}.Debug|Any CPU.Build.0 = Debug|Any CPU
		{060C5140-1C00-4C41-849A-A6AB3D254F3E}.Release|Any CPU.ActiveCfg = Release|Any CPU
		{060C5140-1C00-4C41-849A-A6AB3D254F3E}.Release|Any CPU.Build.0 = Release|Any CPU
	EndGlobalSection
	GlobalSection(SolutionProperties) = preSolution
		HideSolutionNode = FALSE
	EndGlobalSection
	GlobalSection(ExtensibilityGlobals) = postSolution
		SolutionGuid = {D2D9C4B4-3AAF-4D84-9127-26A118027588}
	EndGlobalSection
EndGlobal
